
Microsoft Visual Studio Solution File, Format Version 12.00
# Visual Studio Version 17
VisualStudioVersion = 17.9.34310.174
MinimumVisualStudioVersion = 10.0.40219.1
Project("{8BC9CEB8-8B4A-11D0-8D11-00A0C91BC942}") = "ASSIGNMENT", "ASSIGNMENT\ASSIGNMENT.vcxproj", "{CE5BAB52-4CCA-41C2-82FA-5A0884A15DF2}"
EndProject
Global
	GlobalSection(SolutionConfigurationPlatforms) = preSolution
		Debug|x64 = Debug|x64
		Debug|x86 = Debug|x86
		Release|x64 = Release|x64
		Release|x86 = Release|x86
	EndGlobalSection
	GlobalSection(ProjectConfigurationPlatforms) = postSolution
		{CE5BAB52-4CCA-41C2-82FA-5A0884A15DF2}.Debug|x64.ActiveCfg = Debug|x64
		{CE5BAB52-4CCA-41C2-82FA-5A0884A15DF2}.Debug|x64.Build.0 = Debug|x64
		{CE5BAB52-4CCA-41C2-82FA-5A0884A15DF2}.Debug|x86.ActiveCfg = Debug|Win32
		{CE5BAB52-4CCA-41C2-82FA-5A0884A15DF2}.Debug|x86.Build.0 = Debug|Win32
		{CE5BAB52-4CCA-41C2-82FA-5A0884A15DF2}.Release|x64.ActiveCfg = Release|x64
		{CE5BAB52-4CCA-41C2-82FA-5A0884A15DF2}.Release|x64.Build.0 = Release|x64
		{CE5BAB52-4CCA-41C2-82FA-5A0884A15DF2}.Release|x86.ActiveCfg = Release|Win32
		{CE5BAB52-4CCA-41C2-82FA-5A0884A15DF2}.Release|x86.Build.0 = Release|Win32
	EndGlobalSection
	GlobalSection(SolutionProperties) = preSolution
		HideSolutionNode = FALSE
	EndGlobalSection
	GlobalSection(ExtensibilityGlobals) = postSolution
		SolutionGuid = {B99AA04D-7333-469A-95CA-B680E81EC6BF}
	EndGlobalSection
EndGlobal
